
Microsoft Visual Studio Solution File, Format Version 12.00
# Visual Studio Version 17
VisualStudioVersion = 17.2.32526.322
MinimumVisualStudioVersion = 10.0.40219.1
Project("{FAE04EC0-301F-11D3-BF4B-00C04F79EFBC}") = "FeeCollectingPaymentSystem", "FeeCollectingPaymentSystem\FeeCollectingPaymentSystem.csproj", "{0279CE35-3AD3-43CB-B941-E08BE58BE3D6}"
EndProject
Global
	GlobalSection(SolutionConfigurationPlatforms) = preSolution
		Debug|Any CPU = Debug|Any CPU
		Release|Any CPU = Release|Any CPU
	EndGlobalSection
	GlobalSection(ProjectConfigurationPlatforms) = postSolution
		{0279CE35-3AD3-43CB-B941-E08BE58BE3D6}.Debug|Any CPU.ActiveCfg = Debug|Any CPU
		{0279CE35-3AD3-43CB-B941-E08BE58BE3D6}.Debug|Any CPU.Build.0 = Debug|Any CPU
		{0279CE35-3AD3-43CB-B941-E08BE58BE3D6}.Release|Any CPU.ActiveCfg = Release|Any CPU
		{0279CE35-3AD3-43CB-B941-E08BE58BE3D6}.Release|Any CPU.Build.0 = Release|Any CPU
	EndGlobalSection
	GlobalSection(SolutionProperties) = preSolution
		HideSolutionNode = FALSE
	EndGlobalSection
	GlobalSection(ExtensibilityGlobals) = postSolution
		SolutionGuid = {033E1E15-4EB3-4075-94D7-88ADAA8B8B90}
	EndGlobalSection
EndGlobal
